
Microsoft Visual Studio Solution File, Format Version 12.00
# Visual Studio Version 16
VisualStudioVersion = 16.0.29318.209
MinimumVisualStudioVersion = 10.0.40219.1
Project("{FAE04EC0-301F-11D3-BF4B-00C04F79EFBC}") = "CoreNotes.AutoFac.CoreApi", "CoreNotes.AutoFac.CoreApi\CoreNotes.AutoFac.CoreApi.csproj", "{8A4BD682-33B4-41D9-9C97-CAE8EFE07B7A}"
EndProject
Project("{FAE04EC0-301F-11D3-BF4B-00C04F79EFBC}") = "CoreNotes.AutoFac.ConsoleApp", "CoreNotes.AutoFac.ConsoleApp\CoreNotes.AutoFac.ConsoleApp.csproj", "{BF7C6C7B-044B-4A0C-879F-4DF2DA76BDFD}"
EndProject
Project("{FAE04EC0-301F-11D3-BF4B-00C04F79EFBC}") = "CoreNotes.AutoFac.Model", "CoreNotes.AutoFac.Model\CoreNotes.AutoFac.Model.csproj", "{CA09FB16-03D7-4D3D-B782-6FB2EE05D899}"
EndProject
Project("{FAE04EC0-301F-11D3-BF4B-00C04F79EFBC}") = "CoreNotes.AutoFac.Repository", "CoreNotes.AutoFac.Repository\CoreNotes.AutoFac.Repository.csproj", "{9CDF4D90-DF5E-46D5-A1AF-88DC458BD4B3}"
EndProject
Project("{FAE04EC0-301F-11D3-BF4B-00C04F79EFBC}") = "CoreNotes.AutoFac.Service", "CoreNotes.AutoFac.Service\CoreNotes.AutoFac.Service.csproj", "{63F80026-B2B5-446B-BA3A-90D37E40D5BB}"
EndProject
Project("{FAE04EC0-301F-11D3-BF4B-00C04F79EFBC}") = "CoreNotes.AutoFac.IService", "CoreNotes.AutoFac.IService\CoreNotes.AutoFac.IService.csproj", "{AEA6387F-6950-456C-9264-DCFEA04C7A0B}"
EndProject
Project("{FAE04EC0-301F-11D3-BF4B-00C04F79EFBC}") = "CoreNotes.AutoFac.IRepository", "CoreNotes.AutoFac.IRepository\CoreNotes.AutoFac.IRepository.csproj", "{1CC89669-C64A-4CD1-AE2C-48A0335B37C8}"
EndProject
Global
	GlobalSection(SolutionConfigurationPlatforms) = preSolution
		Debug|Any CPU = Debug|Any CPU
		Release|Any CPU = Release|Any CPU
	EndGlobalSection
	GlobalSection(ProjectConfigurationPlatforms) = postSolution
		{8A4BD682-33B4-41D9-9C97-CAE8EFE07B7A}.Debug|Any CPU.ActiveCfg = Debug|Any CPU
		{8A4BD682-33B4-41D9-9C97-CAE8EFE07B7A}.Debug|Any CPU.Build.0 = Debug|Any CPU
		{8A4BD682-33B4-41D9-9C97-CAE8EFE07B7A}.Release|Any CPU.ActiveCfg = Release|Any CPU
		{8A4BD682-33B4-41D9-9C97-CAE8EFE07B7A}.Release|Any CPU.Build.0 = Release|Any CPU
		{BF7C6C7B-044B-4A0C-879F-4DF2DA76BDFD}.Debug|Any CPU.ActiveCfg = Debug|Any CPU
		{BF7C6C7B-044B-4A0C-879F-4DF2DA76BDFD}.Debug|Any CPU.Build.0 = Debug|Any CPU
		{BF7C6C7B-044B-4A0C-879F-4DF2DA76BDFD}.Release|Any CPU.ActiveCfg = Release|Any CPU
		{BF7C6C7B-044B-4A0C-879F-4DF2DA76BDFD}.Release|Any CPU.Build.0 = Release|Any CPU
		{CA09FB16-03D7-4D3D-B782-6FB2EE05D899}.Debug|Any CPU.ActiveCfg = Debug|Any CPU
		{CA09FB16-03D7-4D3D-B782-6FB2EE05D899}.Debug|Any CPU.Build.0 = Debug|Any CPU
		{CA09FB16-03D7-4D3D-B782-6FB2EE05D899}.Release|Any CPU.ActiveCfg = Release|Any CPU
		{CA09FB16-03D7-4D3D-B782-6FB2EE05D899}.Release|Any CPU.Build.0 = Release|Any CPU
		{9CDF4D90-DF5E-46D5-A1AF-88DC458BD4B3}.Debug|Any CPU.ActiveCfg = Debug|Any CPU
		{9CDF4D90-DF5E-46D5-A1AF-88DC458BD4B3}.Debug|Any CPU.Build.0 = Debug|Any CPU
		{9CDF4D90-DF5E-46D5-A1AF-88DC458BD4B3}.Release|Any CPU.ActiveCfg = Release|Any CPU
		{9CDF4D90-DF5E-46D5-A1AF-88DC458BD4B3}.Release|Any CPU.Build.0 = Release|Any CPU
		{63F80026-B2B5-446B-BA3A-90D37E40D5BB}.Debug|Any CPU.ActiveCfg = Debug|Any CPU
		{63F80026-B2B5-446B-BA3A-90D37E40D5BB}.Debug|Any CPU.Build.0 = Debug|Any CPU
		{63F80026-B2B5-446B-BA3A-90D37E40D5BB}.Release|Any CPU.ActiveCfg = Release|Any CPU
		{63F80026-B2B5-446B-BA3A-90D37E40D5BB}.Release|Any CPU.Build.0 = Release|Any CPU
		{AEA6387F-6950-456C-9264-DCFEA04C7A0B}.Debug|Any CPU.ActiveCfg = Debug|Any CPU
		{AEA6387F-6950-456C-9264-DCFEA04C7A0B}.Debug|Any CPU.Build.0 = Debug|Any CPU
		{AEA6387F-6950-456C-9264-DCFEA04C7A0B}.Release|Any CPU.ActiveCfg = Release|Any CPU
		{AEA6387F-6950-456C-9264-DCFEA04C7A0B}.Release|Any CPU.Build.0 = Release|Any CPU
		{1CC89669-C64A-4CD1-AE2C-48A0335B37C8}.Debug|Any CPU.ActiveCfg = Debug|Any CPU
		{1CC89669-C64A-4CD1-AE2C-48A0335B37C8}.Debug|Any CPU.Build.0 = Debug|Any CPU
		{1CC89669-C64A-4CD1-AE2C-48A0335B37C8}.Release|Any CPU.ActiveCfg = Release|Any CPU
		{1CC89669-C64A-4CD1-AE2C-48A0335B37C8}.Release|Any CPU.Build.0 = Release|Any CPU
	EndGlobalSection
	GlobalSection(SolutionProperties) = preSolution
		HideSolutionNode = FALSE
	EndGlobalSection
	GlobalSection(ExtensibilityGlobals) = postSolution
		SolutionGuid = {5E3BFF6A-26D0-4BBD-9F6B-2B09792E2796}
	EndGlobalSection
EndGlobal
